PODS:
  - Alamofire (5.6.2)
  - Differentiator (5.0.0)
  - Kingfisher (6.3.1)
  - Moya (15.0.0):
    - Moya/Core (= 15.0.0)
  - Moya/Core (15.0.0):
    - Alamofire (~> 5.0)
  - Moya/RxSwift (15.0.0):
    - Moya/Core
    - RxSwift (~> 6.0)
  - RxCocoa (6.5.0):
    - RxRelay (= 6.5.0)
    - RxSwift (= 6.5.0)
  - RxDataSources (5.0.0):
    - Differentiator (~> 5.0)
    - RxCocoa (~> 6.0)
    - RxSwift (~> 6.0)
  - RxRelay (6.5.0):
    - RxSwift (= 6.5.0)
  - RxSwift (6.5.0)
  - SnapKit (5.6.0)
  - SQLite.swift (0.13.3):
    - SQLite.swift/standard (= 0.13.3)
  - SQLite.swift/standard (0.13.3)

DEPENDENCIES:
  - Kingfisher
  - Moya
  - Moya/RxSwift
  - RxCocoa
  - RxDataSources
  - RxSwift
  - SnapKit
  - SQLite.swift

SPEC REPOS:
  trunk:
    - Alamofire
    - Differentiator
    - Kingfisher
    - Moya
    - RxCocoa
    - RxDataSources
    - RxRelay
    - RxSwift
    - SnapKit
    - SQLite.swift

SPEC CHECKSUMS:
  Alamofire: d368e1ff8a298e6dde360e35a3e68e6c610e7204
  Differentiator: e8497ceab83c1b10ca233716d547b9af21b9344d
  Kingfisher: 016c8b653a35add51dd34a3aba36b580041acc74
  Moya: 138f0573e53411fb3dc17016add0b748dfbd78ee
  RxCocoa: 94f817b71c07517321eb4f9ad299112ca8af743b
  RxDataSources: aa47cc1ed6c500fa0dfecac5c979b723542d79cf
  RxRelay: 1de1523e604c72b6c68feadedd1af3b1b4d0ecbd
  RxSwift: 5710a9e6b17f3c3d6e40d6e559b9fa1e813b2ef8
  SnapKit: e01d52ebb8ddbc333eefe2132acf85c8227d9c25
  SQLite.swift: 903bfa3bc9ab06345fdfbb578e34f47cfcf417da

PODFILE CHECKSUM: d0d3b2dbb55fefaefd1316b0d9afd6c2733cc046

COCOAPODS: 1.11.3
